
Microsoft Visual Studio Solution File, Format Version 12.00
# Visual Studio Version 17
VisualStudioVersion = 17.13.35931.197
MinimumVisualStudioVersion = 10.0.40219.1
Project("{FAE04EC0-301F-11D3-BF4B-00C04F79EFBC}") = "HmFocusEachBrowserInputField", "HmFocusEachBrowserInputField\HmFocusEachBrowserInputField.csproj", "{75D74953-5796-4721-A81C-C7AEF073119E}"
EndProject
Global
	GlobalSection(SolutionConfigurationPlatforms) = preSolution
		Debug|Any CPU = Debug|Any CPU
		Release|Any CPU = Release|Any CPU
	EndGlobalSection
	GlobalSection(ProjectConfigurationPlatforms) = postSolution
		{75D74953-5796-4721-A81C-C7AEF073119E}.Debug|Any CPU.ActiveCfg = Debug|Any CPU
		{75D74953-5796-4721-A81C-C7AEF073119E}.Debug|Any CPU.Build.0 = Debug|Any CPU
		{75D74953-5796-4721-A81C-C7AEF073119E}.Release|Any CPU.ActiveCfg = Release|Any CPU
		{75D74953-5796-4721-A81C-C7AEF073119E}.Release|Any CPU.Build.0 = Release|Any CPU
	EndGlobalSection
	GlobalSection(SolutionProperties) = preSolution
		HideSolutionNode = FALSE
	EndGlobalSection
	GlobalSection(ExtensibilityGlobals) = postSolution
		SolutionGuid = {A710E5E6-89FC-4F8F-AF47-88AF4B99C1FB}
	EndGlobalSection
EndGlobal
